
Microsoft Visual Studio Solution File, Format Version 12.00
# Visual Studio Version 17
VisualStudioVersion = 17.14.37502.11
MinimumVisualStudioVersion = 10.0.40219.1
Project("{FAE04EC0-301F-11D3-BF4B-00C04F79EFBC}") = "CapaModelo_MVC1", "CapaModelo_MVC1\CapaModelo_MVC1.csproj", "{2445BB5B-2D00-4880-9D80-191FD0C3E9A4}"
EndProject
Project("{FAE04EC0-301F-11D3-BF4B-00C04F79EFBC}") = "CapaVista_MVC1", "CapaVista_MVC1\CapaVista_MVC1.csproj", "{B031766F-EE18-4B32-9F1E-3CE87AD7299F}"
EndProject
Project("{FAE04EC0-301F-11D3-BF4B-00C04F79EFBC}") = "Ejecucion_Taller_MVC_1", "Ejecucion_Taller_MVC_1\Ejecucion_Taller_MVC_1.csproj", "{285E1197-C6AB-4004-A805-B5E329E32C37}"
EndProject
Project("{FAE04EC0-301F-11D3-BF4B-00C04F79EFBC}") = "CapaControlador_MVC1", "CapaControlador_MVC1\CapaControlador_MVC1.csproj", "{62FF1E34-763D-4E09-B284-C4C047EA4481}"
EndProject
Global
	GlobalSection(SolutionConfigurationPlatforms) = preSolution
		Debug|Any CPU = Debug|Any CPU
		Release|Any CPU = Release|Any CPU
	EndGlobalSection
	GlobalSection(ProjectConfigurationPlatforms) = postSolution
		{2445BB5B-2D00-4880-9D80-191FD0C3E9A4}.Debug|Any CPU.ActiveCfg = Debug|Any CPU
		{2445BB5B-2D00-4880-9D80-191FD0C3E9A4}.Debug|Any CPU.Build.0 = Debug|Any CPU
		{2445BB5B-2D00-4880-9D80-191FD0C3E9A4}.Release|Any CPU.ActiveCfg = Release|Any CPU
		{2445BB5B-2D00-4880-9D80-191FD0C3E9A4}.Release|Any CPU.Build.0 = Release|Any CPU
		{B031766F-EE18-4B32-9F1E-3CE87AD7299F}.Debug|Any CPU.ActiveCfg = Debug|Any CPU
		{B031766F-EE18-4B32-9F1E-3CE87AD7299F}.Debug|Any CPU.Build.0 = Debug|Any CPU
		{B031766F-EE18-4B32-9F1E-3CE87AD7299F}.Release|Any CPU.ActiveCfg = Release|Any CPU
		{B031766F-EE18-4B32-9F1E-3CE87AD7299F}.Release|Any CPU.Build.0 = Release|Any CPU
		{285E1197-C6AB-4004-A805-B5E329E32C37}.Debug|Any CPU.ActiveCfg = Debug|Any CPU
		{285E1197-C6AB-4004-A805-B5E329E32C37}.Debug|Any CPU.Build.0 = Debug|Any CPU
		{285E1197-C6AB-4004-A805-B5E329E32C37}.Release|Any CPU.ActiveCfg = Release|Any CPU
		{285E1197-C6AB-4004-A805-B5E329E32C37}.Release|Any CPU.Build.0 = Release|Any CPU
		{62FF1E34-763D-4E09-B284-C4C047EA4481}.Debug|Any CPU.ActiveCfg = Debug|Any CPU
		{62FF1E34-763D-4E09-B284-C4C047EA4481}.Debug|Any CPU.Build.0 = Debug|Any CPU
		{62FF1E34-763D-4E09-B284-C4C047EA4481}.Release|Any CPU.ActiveCfg = Release|Any CPU
		{62FF1E34-763D-4E09-B284-C4C047EA4481}.Release|Any CPU.Build.0 = Release|Any CPU
	EndGlobalSection
	GlobalSection(SolutionProperties) = preSolution
		HideSolutionNode = FALSE
	EndGlobalSection
	GlobalSection(ExtensibilityGlobals) = postSolution
		SolutionGuid = {490526F0-786D-419E-B550-F0E435AB756D}
	EndGlobalSection
EndGlobal
